version = 1
revision = 3
requires-python = ">=3.12"

[[package]]
name = "duckdb"
version = "1.5.0"
source = { registry = "https://pypi.org/simple" }
sdist = { url = "https://files.pythonhosted.org/packages/ee/11/e05a7eb73a373d523e45d83c261025e02bc31ebf868e6282c30c4d02cc59/duckdb-1.5.0.tar.gz", hash = "sha256:f974b61b1c375888ee62bc3125c60ac11c4e45e4457dd1bb31a8f8d3cf277edd", size = 17981141, upload-time = "2026-03-09T12:50:26.372Z" }
wheels = [
    { url = "https://files.pythonhosted.org/packages/43/73/120e673e48ae25aaf689044c25ef51b0ea1d088563c9a2532612aea18e0a/duckdb-1.5.0-cp312-cp312-macosx_10_13_universal2.whl", hash = "sha256:9ea988d1d5c8737720d1b2852fd70e4d9e83b1601b8896a1d6d31df5e6afc7dd", size = 30057869, upload-time = "2026-03-09T12:49:14.65Z" },
    { url = "https://files.pythonhosted.org/packages/21/e9/61143471958d36d3f3e764cb4cd43330be208ddbff1c78d3310b9ee67fe8/duckdb-1.5.0-cp312-cp312-macosx_10_13_x86_64.whl", hash = "sha256:cb786d5472afc16cc3c7355eb2007172538311d6f0cc6f6a0859e84a60220375", size = 15963092, upload-time = "2026-03-09T12:49:17.478Z" },
    { url = "https://files.pythonhosted.org/packages/4f/71/76e37c9a599ad89dd944e6cbb3e6a8ad196944a421758e83adea507637b6/duckdb-1.5.0-cp312-cp312-macosx_11_0_arm64.whl", hash = "sha256:dc92b238f4122800a7592e99134124cc9048c50f766c37a0778dd2637f5cbe59", size = 14220562, upload-time = "2026-03-09T12:49:23.518Z" },
    { url = "https://files.pythonhosted.org/packages/db/b8/de1831656d5d13173e27c79c7259c8b9a7bdc314fdc8920604838ea4c46d/duckdb-1.5.0-cp312-cp312-manylinux_2_26_aarch64.manylinux_2_28_aarch64.whl", hash = "sha256:1b74cb205c21d3696d8f8b88adca401e1063d6e6f57c1c4f56a243610b086e30", size = 19245329, upload-time = "2026-03-09T12:49:26.307Z" },
    { url = "https://files.pythonhosted.org/packages/1f/8d/33d349a3bcbd3e9b7b4e904c19d5b97f058c4c20791b89a8d6323bb93dce/duckdb-1.5.0-cp312-cp312-manylinux_2_26_x86_64.manylinux_2_28_x86_64.whl", hash = "sha256:6e56c19ffd1ffe3642fa89639e71e2e00ab0cf107b62fe16e88030acaebcbde6", size = 21348041, upload-time = "2026-03-09T12:49:30.283Z" },
    { url = "https://files.pythonhosted.org/packages/e2/ec/591a4cad582fae04bc8f8b4a435eceaaaf3838cf0ca771daae16a3c2995b/duckdb-1.5.0-cp312-cp312-win_amd64.whl", hash = "sha256:86525e565ec0c43420106fd34ba2c739a54c01814d476c7fed3007c9ed6efd86", size = 13053781, upload-time = "2026-03-09T12:49:33.574Z" },
    { url = "https://files.pythonhosted.org/packages/db/62/42e0a13f9919173bec121c0ff702406e1cdd91d8084c3e0b3412508c3891/duckdb-1.5.0-cp312-cp312-win_arm64.whl", hash = "sha256:5faeebc178c986a7bfa68868a023001137a95a1110bf09b7356442a4eae0f7e7", size = 13862906, upload-time = "2026-03-09T12:49:36.598Z" },
    { url = "https://files.pythonhosted.org/packages/35/5d/af5501221f42e4e3662c047ecec4dcd0761229fceeba3c67ad4d9d8741df/duckdb-1.5.0-cp313-cp313-macosx_10_13_universal2.whl", hash = "sha256:11dd05b827846c87f0ae2f67b9ae1d60985882a7c08ce855379e4a08d5be0e1d", size = 30057396, upload-time = "2026-03-09T12:49:39.95Z" },
    { url = "https://files.pythonhosted.org/packages/43/bd/a278d73fedbd3783bf9aedb09cad4171fe8e55bd522952a84f6849522eb6/duckdb-1.5.0-cp313-cp313-macosx_10_13_x86_64.whl", hash = "sha256:5ad8d9c91b7c280ab6811f59deff554b845706c20baa28c4e8f80a95690b252b", size = 15962700, upload-time = "2026-03-09T12:49:43.504Z" },
    { url = "https://files.pythonhosted.org/packages/76/fc/c916e928606946209c20fb50898dabf120241fb528a244e2bd8cde1bd9e2/duckdb-1.5.0-cp313-cp313-macosx_11_0_arm64.whl", hash = "sha256:0ee4dabe03ed810d64d93927e0fd18cd137060b81ee75dcaeaaff32cbc816656", size = 14220272, upload-time = "2026-03-09T12:49:46.867Z" },
    { url = "https://files.pythonhosted.org/packages/53/07/1390e69db922423b2e111e32ed342b3e8fad0a31c144db70681ea1ba4d56/duckdb-1.5.0-cp313-cp313-manylinux_2_26_aarch64.manylinux_2_28_aarch64.whl", hash = "sha256:9409ed1184b363ddea239609c5926f5148ee412b8d9e5ffa617718d755d942f6", size = 19244401, upload-time = "2026-03-09T12:49:49.865Z" },
    { url = "https://files.pythonhosted.org/packages/54/13/b58d718415cde993823a54952ea511d2612302f1d2bc220549d0cef752a4/duckdb-1.5.0-cp313-cp313-manylinux_2_26_x86_64.manylinux_2_28_x86_64.whl", hash = "sha256:1df8c4f9c853a45f3ec1e79ed7fe1957a203e5ec893bbbb853e727eb93e0090f", size = 21345827, upload-time = "2026-03-09T12:49:52.977Z" },
    { url = "https://files.pythonhosted.org/packages/e0/96/4460429651e371eb5ff745a4790e7fa0509c7a58c71fc4f0f893404c9646/duckdb-1.5.0-cp313-cp313-win_amd64.whl", hash = "sha256:9a3d3dfa2d8bc74008ce3ad9564761ae23505a9e4282f6a36df29bd87249620b", size = 13053101, upload-time = "2026-03-09T12:49:56.134Z" },
    { url = "https://files.pythonhosted.org/packages/ba/54/6d5b805113214b830fa3c267bb3383fb8febaa30760d0162ef59aadb110a/duckdb-1.5.0-cp313-cp313-win_arm64.whl", hash = "sha256:2deebcbafd9d39c04f31ec968f4dd7cee832c021e10d96b32ab0752453e247c8", size = 13865071, upload-time = "2026-03-09T12:49:59.282Z" },
    { url = "https://files.pythonhosted.org/packages/66/9f/dd806d4e8ecd99006eb240068f34e1054533da1857ad06ac726305cd102d/duckdb-1.5.0-cp314-cp314-macosx_10_15_universal2.whl", hash = "sha256:d4b618de670cd2271dd7b3397508c7b3c62d8ea70c592c755643211a6f9154fa", size = 30065704, upload-time = "2026-03-09T12:50:02.671Z" },
    { url = "https://files.pythonhosted.org/packages/79/c2/7b7b8a5c65d5535c88a513e267b5e6d7a55ab3e9b67e4ddd474454653268/duckdb-1.5.0-cp314-cp314-macosx_10_15_x86_64.whl", hash = "sha256:065ae50cb185bac4b904287df72e6b4801b3bee2ad85679576dd712b8ba07021", size = 15964883, upload-time = "2026-03-09T12:50:06.343Z" },
    { url = "https://files.pythonhosted.org/packages/23/c5/9a52a2cdb228b8d8d191a603254364d929274d9cc7d285beada8f7daa712/duckdb-1.5.0-cp314-cp314-macosx_11_0_arm64.whl", hash = "sha256:6be5e48e287a24d98306ce9dd55093c3b105a8fbd8a2e7a45e13df34bf081985", size = 14221498, upload-time = "2026-03-09T12:50:10.567Z" },
    { url = "https://files.pythonhosted.org/packages/b8/68/646045cb97982702a8a143dc2e45f3bdcb79fbe2d559a98d74b8c160e5e2/duckdb-1.5.0-cp314-cp314-manylinux_2_26_aarch64.manylinux_2_28_aarch64.whl", hash = "sha256:a5ee41a0bf793882f02192ce105b9a113c3e8c505a27c7ef9437d7b756317113", size = 19249787, upload-time = "2026-03-09T12:50:13.524Z" },
    { url = "https://files.pythonhosted.org/packages/15/1b/5abf0c7f38febb3b4a231c784223fceccfd3f2bfd957699d786f46e41ce6/duckdb-1.5.0-cp314-cp314-manylinux_2_26_x86_64.manylinux_2_28_x86_64.whl", hash = "sha256:f8e42aaf3cd217417c5dc9ff522dc3939d18b25a6fe5f846348277e831e6f59c", size = 21351583, upload-time = "2026-03-09T12:50:16.701Z" },
    { url = "https://files.pythonhosted.org/packages/93/a4/a90f2901cc0a1ce7ca4f0564b8492b9dbfe048a6395b27933d46ae9be473/duckdb-1.5.0-cp314-cp314-win_amd64.whl", hash = "sha256:11ae50aaeda2145b50294ee0247e4f11fb9448b3cc3d2aea1cfc456637dfb977", size = 13575130, upload-time = "2026-03-09T12:50:19.716Z" },
    { url = "https://files.pythonhosted.org/packages/64/aa/f14dd5e241ec80d9f9d82196ca65e0c53badfc8a7a619d5497c5626657ad/duckdb-1.5.0-cp314-cp314-win_arm64.whl", hash = "sha256:d6d2858c734d1a7e7a1b6e9b8403b3fce26dfefb4e0a2479c420fba6cd36db36", size = 14341879, upload-time = "2026-03-09T12:50:22.347Z" },
]

[[package]]
name = "humemdb"
source = { editable = "." }
dependencies = [
    { name = "duckdb" },
    { name = "sqlglot", extra = ["c"] },
]

[package.metadata]
requires-dist = [
    { name = "duckdb", specifier = ">=1.4,<2" },
    { name = "sqlglot", extras = ["c"], specifier = ">=30,<31" },
]

[[package]]
name = "sqlglot"
version = "30.0.1"
source = { registry = "https://pypi.org/simple" }
sdist = { url = "https://files.pythonhosted.org/packages/2c/32/ffa8390ac039de6e18e6874b1464c4012db78d9a15790d0c56c2bf5d65bb/sqlglot-30.0.1.tar.gz", hash = "sha256:1191cc37654c944b9a1d020347b9e435e3b39bdbade9129f82aa5827e3641332", size = 5793328, upload-time = "2026-03-16T22:07:33.565Z" }
wheels = [
    { url = "https://files.pythonhosted.org/packages/4f/6a/e7cf2f648d7217359cd21129101208218d6245f9863d36b2c9049211676f/sqlglot-30.0.1-py3-none-any.whl", hash = "sha256:379bb16020573aa7fa4730b9c04d5ee79d1c4cf50f8d203d6fb03e49ac1e4ff1", size = 648788, upload-time = "2026-03-16T22:07:31.239Z" },
]

[package.optional-dependencies]
c = [
    { name = "sqlglotc" },
]

[[package]]
name = "sqlglotc"
version = "30.0.1"
source = { registry = "https://pypi.org/simple" }
sdist = { url = "https://files.pythonhosted.org/packages/e8/32/2390b515a6edcbff0d247d79047fd3527673fb8ccc2f6571a15a7eb75e71/sqlglotc-30.0.1.tar.gz", hash = "sha256:4067879c5cc7019d49ce5ea55bf27b048f726990182c452fe5b8d36a6100a21b", size = 244341, upload-time = "2026-03-16T22:06:36.226Z" }
wheels = [
    { url = "https://files.pythonhosted.org/packages/9e/e2/13a6e805e399ab49ff2f6f117f0ed57433f166e17085095aab5a8d76d001/sqlglotc-30.0.1-cp312-cp312-macosx_10_13_universal2.whl", hash = "sha256:439f89f2786e66d88c16b151c5267ef853e531c8dc6c6b61e31e6853a26e9f5c", size = 10656128, upload-time = "2026-03-16T22:06:10.309Z" },
    { url = "https://files.pythonhosted.org/packages/03/e4/c62742febc7680f4c2fd23297da6a37891cef03e58048a4c23b0da139c63/sqlglotc-30.0.1-cp312-cp312-manylinux2014_aarch64.manylinux_2_17_aarch64.manylinux_2_28_aarch64.whl", hash = "sha256:443203cfeb1f2a602b886082693a840cbc90a259e8b7328c9993b3776a53f419", size = 7455767, upload-time = "2026-03-16T22:06:12.368Z" },
    { url = "https://files.pythonhosted.org/packages/9c/cf/02a99de7af4e4941d837ba21914f8e1154fdd32ee93f9ea9f1ebf28eade5/sqlglotc-30.0.1-cp312-cp312-manylinux2014_x86_64.manylinux_2_17_x86_64.manylinux_2_28_x86_64.whl", hash = "sha256:dd468ee3d10cfc39193f6b1b78ddd2bf1ffd334e3c46070a7c802239b0bcf60e", size = 7796904, upload-time = "2026-03-16T22:06:13.798Z" },
    { url = "https://files.pythonhosted.org/packages/15/2e/23b6694ced3a4816440d50c94657a7922b9f1ed33e5fd0b39aa45abd4883/sqlglotc-30.0.1-cp312-cp312-win_amd64.whl", hash = "sha256:abe1ff0a849987302456bec661397cb9b83754090678f39ed63984b08b5bc357", size = 4469478, upload-time = "2026-03-16T22:06:15.447Z" },
    { url = "https://files.pythonhosted.org/packages/8b/80/2affdd9b4ea004fe005e869f68e4ff110a5cc33f474f37e1f79518ec4f03/sqlglotc-30.0.1-cp313-cp313-macosx_10_13_universal2.whl", hash = "sha256:942e165f022a048e610b973ed22c6f159de43b390e802659a6b089ff0ccb9abe", size = 10615945, upload-time = "2026-03-16T22:06:16.766Z" },
    { url = "https://files.pythonhosted.org/packages/4b/31/4558b0fc2bfa2d76ec04cf8fcca6d077d215f72b85735d6cdff842515efa/sqlglotc-30.0.1-cp313-cp313-manylinux2014_aarch64.manylinux_2_17_aarch64.manylinux_2_28_aarch64.whl", hash = "sha256:d37a7addcccdc97020f40a6379a7be19837d12c212f9834fbc5d39530f79a2bc", size = 7385415, upload-time = "2026-03-16T22:06:18.406Z" },
    { url = "https://files.pythonhosted.org/packages/f0/73/2e1c4a82aa1179daccc574e08dc2a019ade46cfb6fe38bc7ef1e1e376fc0/sqlglotc-30.0.1-cp313-cp313-manylinux2014_x86_64.manylinux_2_17_x86_64.manylinux_2_28_x86_64.whl", hash = "sha256:4cd34a3c52e103bd57738b5a4163755405a885a3d26a1d5afea2d05aefff72a9", size = 7727085, upload-time = "2026-03-16T22:06:20.033Z" },
    { url = "https://files.pythonhosted.org/packages/d2/84/8a889ef8485f5f04a7ec5a39761a294422a380130f4913782fbb8a0ab7fd/sqlglotc-30.0.1-cp313-cp313-win_amd64.whl", hash = "sha256:36760be28b57e976418c86ac06194a8fbff6050770a5bde7c16a4b94b2251d29", size = 4471304, upload-time = "2026-03-16T22:06:21.705Z" },
    { url = "https://files.pythonhosted.org/packages/dc/49/fd0b7acf40e88022e1eabc79c3b23336bdcebb47af63c75a0c4fad53fc5c/sqlglotc-30.0.1-cp314-cp314-macosx_10_15_universal2.whl", hash = "sha256:315e6eba7718749b9da2ec15d40ad1b416f985dbfea9f6581f847daf3276fedb", size = 10500224, upload-time = "2026-03-16T22:06:23.311Z" },
    { url = "https://files.pythonhosted.org/packages/68/02/d741f9b51564a9ca5ce973094014512f6f09b2b31601d006126c342cd7a5/sqlglotc-30.0.1-cp314-cp314-manylinux2014_aarch64.manylinux_2_17_aarch64.manylinux_2_28_aarch64.whl", hash = "sha256:e317d3e337b4646aff60cb194e1b767981db67b1809c4e449a089dc38fe57d19", size = 7393725, upload-time = "2026-03-16T22:06:25.063Z" },
    { url = "https://files.pythonhosted.org/packages/eb/4e/c2fa62678d7b70e3f1f5dfb6545b5cd732b33ecc97138c42a919d082f742/sqlglotc-30.0.1-cp314-cp314-manylinux2014_x86_64.manylinux_2_17_x86_64.manylinux_2_28_x86_64.whl", hash = "sha256:e7084749c2e931a304dc9d7a37ff8a7c6809fac2613d0a766e98369666a03c5b", size = 7714648, upload-time = "2026-03-16T22:06:26.784Z" },
    { url = "https://files.pythonhosted.org/packages/b1/31/bb4bbbbab0268cfadddf3c63604c667dc0f6ad04bfcff224d8e4997ce005/sqlglotc-30.0.1-cp314-cp314-win_amd64.whl", hash = "sha256:61cd015914a9b7024b2808b98f607fcb5094d2376ca8fac20fa1734a7822d8a9", size = 4524482, upload-time = "2026-03-16T22:06:28.222Z" },
]
